
Microsoft Visual Studio Solution File, Format Version 12.00
# Visual Studio Version 17
VisualStudioVersion = 17.9.34714.143
MinimumVisualStudioVersion = 10.0.40219.1
Project("{FAE04EC0-301F-11D3-BF4B-00C04F79EFBC}") = "WebApp1_AppService", "WebApp1_AppService.csproj", "{939EBA82-D43F-4D47-8C9D-2EAAD5D79C33}"
EndProject
Global
	GlobalSection(SolutionConfigurationPlatforms) = preSolution
		Debug|Any CPU = Debug|Any CPU
		Release|Any CPU = Release|Any CPU
	EndGlobalSection
	GlobalSection(ProjectConfigurationPlatforms) = postSolution
		{939EBA82-D43F-4D47-8C9D-2EAAD5D79C33}.Debug|Any CPU.ActiveCfg = Debug|Any CPU
		{939EBA82-D43F-4D47-8C9D-2EAAD5D79C33}.Debug|Any CPU.Build.0 = Debug|Any CPU
		{939EBA82-D43F-4D47-8C9D-2EAAD5D79C33}.Release|Any CPU.ActiveCfg = Release|Any CPU
		{939EBA82-D43F-4D47-8C9D-2EAAD5D79C33}.Release|Any CPU.Build.0 = Release|Any CPU
	EndGlobalSection
	GlobalSection(SolutionProperties) = preSolution
		HideSolutionNode = FALSE
	EndGlobalSection
	GlobalSection(ExtensibilityGlobals) = postSolution
		SolutionGuid = {CFE18CF7-3275-4A21-9A79-4E2106297B31}
	EndGlobalSection
EndGlobal
